
Microsoft Visual Studio Solution File, Format Version 12.00
# Visual Studio 15
VisualStudioVersion = 15.0.27703.2042
MinimumVisualStudioVersion = 10.0.40219.1
Project("{8BC9CEB8-8B4A-11D0-8D11-00A0C91BC942}") = "180912_rpg", "180912_rpg.vcxproj", "{A91BE906-8922-49EC-B47D-76FD3D6094F3}"
EndProject
Global
	GlobalSection(SolutionConfigurationPlatforms) = preSolution
		Debug|x64 = Debug|x64
		Debug|x86 = Debug|x86
		Release|x64 = Release|x64
		Release|x86 = Release|x86
	EndGlobalSection
	GlobalSection(ProjectConfigurationPlatforms) = postSolution
		{A91BE906-8922-49EC-B47D-76FD3D6094F3}.Debug|x64.ActiveCfg = Debug|x64
		{A91BE906-8922-49EC-B47D-76FD3D6094F3}.Debug|x64.Build.0 = Debug|x64
		{A91BE906-8922-49EC-B47D-76FD3D6094F3}.Debug|x86.ActiveCfg = Debug|Win32
		{A91BE906-8922-49EC-B47D-76FD3D6094F3}.Debug|x86.Build.0 = Debug|Win32
		{A91BE906-8922-49EC-B47D-76FD3D6094F3}.Release|x64.ActiveCfg = Release|x64
		{A91BE906-8922-49EC-B47D-76FD3D6094F3}.Release|x64.Build.0 = Release|x64
		{A91BE906-8922-49EC-B47D-76FD3D6094F3}.Release|x86.ActiveCfg = Release|Win32
		{A91BE906-8922-49EC-B47D-76FD3D6094F3}.Release|x86.Build.0 = Release|Win32
	EndGlobalSection
	GlobalSection(SolutionProperties) = preSolution
		HideSolutionNode = FALSE
	EndGlobalSection
	GlobalSection(ExtensibilityGlobals) = postSolution
		SolutionGuid = {DE33CA46-AE2D-4E55-BDD3-FAC8B237634A}
	EndGlobalSection
EndGlobal
