
Microsoft Visual Studio Solution File, Format Version 12.00
# Visual Studio 15
VisualStudioVersion = 15.0.27703.2042
MinimumVisualStudioVersion = 10.0.40219.1
Project("{8BC9CEB8-8B4A-11D0-8D11-00A0C91BC942}") = "180829_02", "180829_02.vcxproj", "{D3E9A87B-CFBC-41D0-936D-8CDF600C8F47}"
EndProject
Global
	GlobalSection(SolutionConfigurationPlatforms) = preSolution
		Debug|x64 = Debug|x64
		Debug|x86 = Debug|x86
		Release|x64 = Release|x64
		Release|x86 = Release|x86
	EndGlobalSection
	GlobalSection(ProjectConfigurationPlatforms) = postSolution
		{D3E9A87B-CFBC-41D0-936D-8CDF600C8F47}.Debug|x64.ActiveCfg = Debug|x64
		{D3E9A87B-CFBC-41D0-936D-8CDF600C8F47}.Debug|x64.Build.0 = Debug|x64
		{D3E9A87B-CFBC-41D0-936D-8CDF600C8F47}.Debug|x86.ActiveCfg = Debug|Win32
		{D3E9A87B-CFBC-41D0-936D-8CDF600C8F47}.Debug|x86.Build.0 = Debug|Win32
		{D3E9A87B-CFBC-41D0-936D-8CDF600C8F47}.Release|x64.ActiveCfg = Release|x64
		{D3E9A87B-CFBC-41D0-936D-8CDF600C8F47}.Release|x64.Build.0 = Release|x64
		{D3E9A87B-CFBC-41D0-936D-8CDF600C8F47}.Release|x86.ActiveCfg = Release|Win32
		{D3E9A87B-CFBC-41D0-936D-8CDF600C8F47}.Release|x86.Build.0 = Release|Win32
	EndGlobalSection
	GlobalSection(SolutionProperties) = preSolution
		HideSolutionNode = FALSE
	EndGlobalSection
	GlobalSection(ExtensibilityGlobals) = postSolution
		SolutionGuid = {8D018823-C703-47B8-9074-E48BBEBCEA27}
	EndGlobalSection
EndGlobal
